// !$*UTF8*$!
{
	archiveVersion = 1;
	classes = {
	};
	objectVersion = 46;
	objects = {

/* Begin PBXBuildFile section */
		8420FF58242B10C700BD16FA /* AppDelegate.swift in Sources */ = {isa = PBXBuildFile; fileRef = 8420FF57242B10C700BD16FA /* AppDelegate.swift */; };
		8420FF5A242B10C700BD16FA /* ViewController.swift in Sources */ = {isa = PBXBuildFile; fileRef = 8420FF59242B10C700BD16FA /* ViewController.swift */; };
		8420FF5D242B10C700BD16FA /* Main.storyboard in Resources */ = {isa = PBXBuildFile; fileRef = 8420FF5B242B10C700BD16FA /* Main.storyboard */; };
		8420FF5F242B10C700BD16FA /* Assets.xcassets in Resources */ = {isa = PBXBuildFile; fileRef = 8420FF5E242B10C700BD16FA /* Assets.xcassets */; };
		8420FF62242B10C700BD16FA /* LaunchScreen.storyboard in Resources */ = {isa = PBXBuildFile; fileRef = 8420FF60242B10C700BD16FA /* LaunchScreen.storyboard */; };
		8420FF6A242D347400BD16FA /* Filme.swift in Sources */ = {isa = PBXBuildFile; fileRef = 8420FF69242D347400BD16FA /* Filme.swift */; };
		8420FF6C242D83C600BD16FA /* FilmeCelula.swift in Sources */ = {isa = PBXBuildFile; fileRef = 8420FF6B242D83C600BD16FA /* FilmeCelula.swift */; };
		842C0501242DA6460029DFC6 /* DetalhesFilmeViewController.swift in Sources */ = {isa = PBXBuildFile; fileRef = 842C0500242DA6460029DFC6 /* DetalhesFilmeViewController.swift */; };
/* End PBXBuildFile section */

/* Begin PBXFileReference section */
		8420FF54242B10C700BD16FA /* Meus Filmes.app */ = {isa = PBXFileReference; explicitFileType = wrapper.application; includeInIndex = 0; path = "Meus Filmes.app"; sourceTree = BUILT_PRODUCTS_DIR; };
		8420FF57242B10C700BD16FA /* AppDelegate.swift */ = {isa = PBXFileReference; lastKnownFileType = sourcecode.swift; path = AppDelegate.swift; sourceTree = "<group>"; };
		8420FF59242B10C700BD16FA /* ViewController.swift */ = {isa = PBXFileReference; lastKnownFileType = sourcecode.swift; path = ViewController.swift; sourceTree = "<group>"; };
		8420FF5C242B10C700BD16FA /* Base */ = {isa = PBXFileReference; lastKnownFileType = file.storyboard; name = Base; path = Base.lproj/Main.storyboard; sourceTree = "<group>"; };
		8420FF5E242B10C700BD16FA /* Assets.xcassets */ = {isa = PBXFileReference; lastKnownFileType = folder.assetcatalog; path = Assets.xcassets; sourceTree = "<group>"; };
		8420FF61242B10C700BD16FA /* Base */ = {isa = PBXFileReference; lastKnownFileType = file.storyboard; name = Base; path = Base.lproj/LaunchScreen.storyboard; sourceTree = "<group>"; };
		8420FF63242B10C700BD16FA /* Info.plist */ = {isa = PBXFileReference; lastKnownFileType = text.plist.xml; path = Info.plist; sourceTree = "<group>"; };
		8420FF69242D347400BD16FA /* Filme.swift */ = {isa = PBXFileReference; fileEncoding = 4; lastKnownFileType = sourcecode.swift; path = Filme.swift; sourceTree = "<group>"; };
		8420FF6B242D83C600BD16FA /* FilmeCelula.swift */ = {isa = PBXFileReference; fileEncoding = 4; lastKnownFileType = sourcecode.swift; path = FilmeCelula.swift; sourceTree = "<group>"; };
		842C0500242DA6460029DFC6 /* DetalhesFilmeViewController.swift */ = {isa = PBXFileReference; fileEncoding = 4; lastKnownFileType = sourcecode.swift; path = DetalhesFilmeViewController.swift; sourceTree = "<group>"; };
/* End PBXFileReference section */

/* Begin PBXFrameworksBuildPhase section */
		8420FF51242B10C700BD16FA /* Frameworks */ = {
			isa = PBXFrameworksBuildPhase;
			buildActionMask = 2147483647;
			files = (
			);
			runOnlyForDeploymentPostprocessing = 0;
		};
/* End PBXFrameworksBuildPhase section */

/* Begin PBXGroup section */
		8420FF4B242B10C700BD16FA = {
			isa = PBXGroup;
			children = (
				8420FF56242B10C700BD16FA /* Meus Filmes */,
				8420FF55242B10C700BD16FA /* Products */,
			);
			sourceTree = "<group>";
		};
		8420FF55242B10C700BD16FA /* Products */ = {
			isa = PBXGroup;
			children = (
				8420FF54242B10C700BD16FA /* Meus Filmes.app */,
			);
			name = Products;
			sourceTree = "<group>";
		};
		8420FF56242B10C700BD16FA /* Meus Filmes */ = {
			isa = PBXGroup;
			children = (
				8420FF57242B10C700BD16FA /* AppDelegate.swift */,
				8420FF59242B10C700BD16FA /* ViewController.swift */,
				8420FF69242D347400BD16FA /* Filme.swift */,
				8420FF6B242D83C600BD16FA /* FilmeCelula.swift */,
				842C0500242DA6460029DFC6 /* DetalhesFilmeViewController.swift */,
				8420FF5B242B10C700BD16FA /* Main.storyboard */,
				8420FF5E242B10C700BD16FA /* Assets.xcassets */,
				8420FF60242B10C700BD16FA /* LaunchScreen.storyboard */,
				8420FF63242B10C700BD16FA /* Info.plist */,
			);
			path = "Meus Filmes";
			sourceTree = "<group>";
		};
/* End PBXGroup section */

/* Begin PBXNativeTarget section */
		8420FF53242B10C700BD16FA /* Meus Filmes */ = {
			isa = PBXNativeTarget;
			buildConfigurationList = 8420FF66242B10C700BD16FA /* Build configuration list for PBXNativeTarget "Meus Filmes" */;
			buildPhases = (
				8420FF50242B10C700BD16FA /* Sources */,
				8420FF51242B10C700BD16FA /* Frameworks */,
				8420FF52242B10C700BD16FA /* Resources */,
			);
			buildRules = (
			);
			dependencies = (
			);
			name = "Meus Filmes";
			productName = "Meus Filmes";
			productReference = 8420FF54242B10C700BD16FA /* Meus Filmes.app */;
			productType = "com.apple.product-type.application";
		};
/* End PBXNativeTarget section */

/* Begin PBXProject section */
		8420FF4C242B10C700BD16FA /* Project object */ = {
			isa = PBXProject;
			attributes = {
				LastSwiftUpdateCheck = 0800;
				LastUpgradeCheck = 0800;
				ORGANIZATIONNAME = "Uesley Rodrigues";
				TargetAttributes = {
					8420FF53242B10C700BD16FA = {
						CreatedOnToolsVersion = 8.0;
						ProvisioningStyle = Automatic;
					};
				};
			};
			buildConfigurationList = 8420FF4F242B10C700BD16FA /* Build configuration list for PBXProject "Meus Filmes" */;
			compatibilityVersion = "Xcode 3.2";
			developmentRegion = English;
			hasScannedForEncodings = 0;
			knownRegions = (
				en,
				Base,
			);
			mainGroup = 8420FF4B242B10C700BD16FA;
			productRefGroup = 8420FF55242B10C700BD16FA /* Products */;
			projectDirPath = "";
			projectRoot = "";
			targets = (
				8420FF53242B10C700BD16FA /* Meus Filmes */,
			);
		};
/* End PBXProject section */

/* Begin PBXResourcesBuildPhase section */
		8420FF52242B10C700BD16FA /* Resources */ = {
			isa = PBXResourcesBuildPhase;
			buildActionMask = 2147483647;
			files = (
				8420FF62242B10C700BD16FA /* LaunchScreen.storyboard in Resources */,
				8420FF5F242B10C700BD16FA /* Assets.xcassets in Resources */,
				8420FF5D242B10C700BD16FA /* Main.storyboard in Resources */,
			);
			runOnlyForDeploymentPostprocessing = 0;
		};
/* End PBXResourcesBuildPhase section */

/* Begin PBXSourcesBuildPhase section */
		8420FF50242B10C700BD16FA /* Sources */ = {
			isa = PBXSourcesBuildPhase;
			buildActionMask = 2147483647;
			files = (
				8420FF5A242B10C700BD16FA /* ViewController.swift in Sources */,
				8420FF6A242D347400BD16FA /* Filme.swift in Sources */,
				842C0501242DA6460029DFC6 /* DetalhesFilmeViewController.swift in Sources */,
				8420FF58242B10C700BD16FA /* AppDelegate.swift in Sources */,
				8420FF6C242D83C600BD16FA /* FilmeCelula.swift in Sources */,
			);
			runOnlyForDeploymentPostprocessing = 0;
		};
/* End PBXSourcesBuildPhase section */

/* Begin PBXVariantGroup section */
		8420FF5B242B10C700BD16FA /* Main.storyboard */ = {
			isa = PBXVariantGroup;
			children = (
				8420FF5C242B10C700BD16FA /* Base */,
			);
			name = Main.storyboard;
			sourceTree = "<group>";
		};
		8420FF60242B10C700BD16FA /* LaunchScreen.storyboard */ = {
			isa = PBXVariantGroup;
			children = (
				8420FF61242B10C700BD16FA /* Base */,
			);
			name = LaunchScreen.storyboard;
			sourceTree = "<group>";
		};
/* End PBXVariantGroup section */

/* Begin XCBuildConfiguration section */
		8420FF64242B10C700BD16FA /* Debug */ = {
			isa = XCBuildConfiguration;
			buildSettings = {
				ALWAYS_SEARCH_USER_PATHS = NO;
				CLANG_ANALYZER_NONNULL = YES;
				CLANG_CXX_LANGUAGE_STANDARD = "gnu++0x";
				CLANG_CXX_LIBRARY = "libc++";
				CLANG_ENABLE_MODULES = YES;
				CLANG_ENABLE_OBJC_ARC = YES;
				CLANG_WARN_BOOL_CONVERSION = YES;
				CLANG_WARN_CONSTANT_CONVERSION = YES;
				CLANG_WARN_DIRECT_OBJC_ISA_USAGE = YES_ERROR;
				CLANG_WARN_DOCUMENTATION_COMMENTS = YES;
				CLANG_WARN_EMPTY_BODY = YES;
				CLANG_WARN_ENUM_CONVERSION = YES;
				CLANG_WARN_INFINITE_RECURSION = YES;
				CLANG_WARN_INT_CONVERSION = YES;
				CLANG_WARN_OBJC_ROOT_CLASS = YES_ERROR;
				CLANG_WARN_SUSPICIOUS_MOVES = YES;
				CLANG_WARN_UNREACHABLE_CODE = YES;
				CLANG_WARN__DUPLICATE_METHOD_MATCH = YES;
				"CODE_SIGN_IDENTITY[sdk=iphoneos*]" = "iPhone Developer";
				COPY_PHASE_STRIP = NO;
				DEBUG_INFORMATION_FORMAT = dwarf;
				ENABLE_STRICT_OBJC_MSGSEND = YES;
				ENABLE_TESTABILITY = YES;
				GCC_C_LANGUAGE_STANDARD = gnu99;
				GCC_DYNAMIC_NO_PIC = NO;
				GCC_NO_COMMON_BLOCKS = YES;
				GCC_OPTIMIZATION_LEVEL = 0;
				GCC_PREPROCESSOR_DEFINITIONS = (
					"DEBUG=1",
					"$(inherited)",
				);
				GCC_WARN_64_TO_32_BIT_CONVERSION = YES;
				GCC_WARN_ABOUT_RETURN_TYPE = YES_ERROR;
				GCC_WARN_UNDECLARED_SELECTOR = YES;
				GCC_WARN_UNINITIALIZED_AUTOS = YES_AGGRESSIVE;
				GCC_WARN_UNUSED_FUNCTION = YES;
				GCC_WARN_UNUSED_VARIABLE = YES;
				IPHONEOS_DEPLOYMENT_TARGET = 10.0;
				MTL_ENABLE_DEBUG_INFO = YES;
				ONLY_ACTIVE_ARCH = YES;
				SDKROOT = iphoneos;
				SWIFT_ACTIVE_COMPILATION_CONDITIONS = DEBUG;
				SWIFT_OPTIMIZATION_LEVEL = "-Onone";
			};
			name = Debug;
		};
		8420FF65242B10C700BD16FA /* Release */ = {
			isa = XCBuildConfiguration;
			buildSettings = {
				ALWAYS_SEARCH_USER_PATHS = NO;
				CLANG_ANALYZER_NONNULL = YES;
				CLANG_CXX_LANGUAGE_STANDARD = "gnu++0x";
				CLANG_CXX_LIBRARY = "libc++";
				CLANG_ENABLE_MODULES = YES;
				CLANG_ENABLE_OBJC_ARC = YES;
				CLANG_WARN_BOOL_CONVERSION = YES;
				CLANG_WARN_CONSTANT_CONVERSION = YES;
				CLANG_WARN_DIRECT_OBJC_ISA_USAGE = YES_ERROR;
				CLANG_WARN_DOCUMENTATION_COMMENTS = YES;
				CLANG_WARN_EMPTY_BODY = YES;
				CLANG_WARN_ENUM_CONVERSION = YES;
				CLANG_WARN_INFINITE_RECURSION = YES;
				CLANG_WARN_INT_CONVERSION = YES;
				CLANG_WARN_OBJC_ROOT_CLASS = YES_ERROR;
				CLANG_WARN_SUSPICIOUS_MOVES = YES;
				CLANG_WARN_UNREACHABLE_CODE = YES;
				CLANG_WARN__DUPLICATE_METHOD_MATCH = YES;
				"CODE_SIGN_IDENTITY[sdk=iphoneos*]" = "iPhone Developer";
				COPY_PHASE_STRIP = NO;
				DEBUG_INFORMATION_FORMAT = "dwarf-with-dsym";
				ENABLE_NS_ASSERTIONS = NO;
				ENABLE_STRICT_OBJC_MSGSEND = YES;
				GCC_C_LANGUAGE_STANDARD = gnu99;
				GCC_NO_COMMON_BLOCKS = YES;
				GCC_WARN_64_TO_32_BIT_CONVERSION = YES;
				GCC_WARN_ABOUT_RETURN_TYPE = YES_ERROR;
				GCC_WARN_UNDECLARED_SELECTOR = YES;
				GCC_WARN_UNINITIALIZED_AUTOS = YES_AGGRESSIVE;
				GCC_WARN_UNUSED_FUNCTION = YES;
				GCC_WARN_UNUSED_VARIABLE = YES;
				IPHONEOS_DEPLOYMENT_TARGET = 10.0;
				MTL_ENABLE_DEBUG_INFO = NO;
				SDKROOT = iphoneos;
				SWIFT_OPTIMIZATION_LEVEL = "-Owholemodule";
				VALIDATE_PRODUCT = YES;
			};
			name = Release;
		};
		8420FF67242B10C700BD16FA /* Debug */ = {
			isa = XCBuildConfiguration;
			buildSettings = {
				ASSETCATALOG_COMPILER_APPICON_NAME = AppIcon;
				INFOPLIST_FILE = "Meus Filmes/Info.plist";
				LD_RUNPATH_SEARCH_PATHS = "$(inherited) @executable_path/Frameworks";
				PRODUCT_BUNDLE_IDENTIFIER = "com.cursoios.Meus-Filmes";
				PRODUCT_NAME = "$(TARGET_NAME)";
				SWIFT_VERSION = 3.0;
			};
			name = Debug;
		};
		8420FF68242B10C700BD16FA /* Release */ = {
			isa = XCBuildConfiguration;
			buildSettings = {
				ASSETCATALOG_COMPILER_APPICON_NAME = AppIcon;
				INFOPLIST_FILE = "Meus Filmes/Info.plist";
				LD_RUNPATH_SEARCH_PATHS = "$(inherited) @executable_path/Frameworks";
				PRODUCT_BUNDLE_IDENTIFIER = "com.cursoios.Meus-Filmes";
				PRODUCT_NAME = "$(TARGET_NAME)";
				SWIFT_VERSION = 3.0;
			};
			name = Release;
		};
/* End XCBuildConfiguration section */

/* Begin XCConfigurationList section */
		8420FF4F242B10C700BD16FA /* Build configuration list for PBXProject "Meus Filmes" */ = {
			isa = XCConfigurationList;
			buildConfigurations = (
				8420FF64242B10C700BD16FA /* Debug */,
				8420FF65242B10C700BD16FA /* Release */,
			);
			defaultConfigurationIsVisible = 0;
			defaultConfigurationName = Release;
		};
		8420FF66242B10C700BD16FA /* Build configuration list for PBXNativeTarget "Meus Filmes" */ = {
			isa = XCConfigurationList;
			buildConfigurations = (
				8420FF67242B10C700BD16FA /* Debug */,
				8420FF68242B10C700BD16FA /* Release */,
			);
			defaultConfigurationIsVisible = 0;
			defaultConfigurationName = Release;
		};
/* End XCConfigurationList section */
	};
	rootObject = 8420FF4C242B10C700BD16FA /* Project object */;
}
